// !$*UTF8*$!
{
    archiveVersion = 1;
    classes = {};
    objectVersion = 46;
    rootObject = __RootObject_;
    objects = {
        __RootObject_ = {
            isa = PBXProject;
            attributes = {LastUpgradeCheck = 9999;};
            buildConfigurationList = ___RootConfs_;
            compatibilityVersion = 'Xcode 3.2';
            developmentRegion = English;
            hasScannedForEncodings = 0;
            knownRegions = (en);
            mainGroup = ___RootGroup_;
            productRefGroup = ____Products_;
            projectDirPath = '';
            projectRoot = '';
            targets = (______Target_SwiftHook, ______Target_SwiftHookTests);
        };
        '__PBXFileRef_Package.swift' = {
            isa = PBXFileReference;
            lastKnownFileType = sourcecode.swift;
            path = 'Package.swift';
            sourceTree = '<group>';
        };
        ___RootGroup_ = {
            isa = PBXGroup;
            children = ('__PBXFileRef_Package.swift', _____Configs_, _____Sources_,  Dependencies_, _______Tests_, ____Products_);
            sourceTree = '<group>';
        };
        _______Group_SwiftHook = {
            isa = PBXGroup;
            name = 'SwiftHook';
            path = 'Sources/SwiftHook';
            sourceTree = '<group>';
            children = ('__PBXFileRef_Sources/SwiftHook/DelegationHook.swift', '__PBXFileRef_Sources/SwiftHook/HookKey.swift', '__PBXFileRef_Sources/SwiftHook/HookType.swift', '__PBXFileRef_Sources/SwiftHook/Reference.swift', '__PBXFileRef_Sources/SwiftHook/SerialHook.swift');
        };
        '__PBXFileRef_Sources/SwiftHook/DelegationHook.swift' = {
            isa = PBXFileReference;
            lastKnownFileType = sourcecode.swift;
            path = 'DelegationHook.swift';
            sourceTree = '<group>';
        };
        '__PBXFileRef_Sources/SwiftHook/HookKey.swift' = {
            isa = PBXFileReference;
            lastKnownFileType = sourcecode.swift;
            path = 'HookKey.swift';
            sourceTree = '<group>';
        };
        '__PBXFileRef_Sources/SwiftHook/HookType.swift' = {
            isa = PBXFileReference;
            lastKnownFileType = sourcecode.swift;
            path = 'HookType.swift';
            sourceTree = '<group>';
        };
        '__PBXFileRef_Sources/SwiftHook/Reference.swift' = {
            isa = PBXFileReference;
            lastKnownFileType = sourcecode.swift;
            path = 'Reference.swift';
            sourceTree = '<group>';
        };
        '__PBXFileRef_Sources/SwiftHook/SerialHook.swift' = {
            isa = PBXFileReference;
            lastKnownFileType = sourcecode.swift;
            path = 'SerialHook.swift';
            sourceTree = '<group>';
        };
        ______Target_SwiftHook = {
            isa = PBXNativeTarget;
            buildConfigurationList = _______Confs_SwiftHook;
            buildPhases = (CompilePhase_SwiftHook, ___LinkPhase_SwiftHook);
            buildRules = ();
            dependencies = ();
            name = 'SwiftHook';
            productName = SwiftHook;
            productReference = _____Product_SwiftHook;
            productType = 'com.apple.product-type.framework';
        };
        _____Product_SwiftHook = {
            isa = PBXFileReference;
            explicitFileType = 'wrapper.framework';
            path = 'SwiftHook.framework';
            sourceTree = BUILT_PRODUCTS_DIR;
        };
        CompilePhase_SwiftHook = {
            isa = PBXSourcesBuildPhase;
            files = ('__src_cc_ref_Sources/SwiftHook/DelegationHook.swift', '__src_cc_ref_Sources/SwiftHook/HookKey.swift', '__src_cc_ref_Sources/SwiftHook/HookType.swift', '__src_cc_ref_Sources/SwiftHook/Reference.swift', '__src_cc_ref_Sources/SwiftHook/SerialHook.swift');
            runOnlyForDeploymentPostprocessing = 0;
        };
        '__src_cc_ref_Sources/SwiftHook/DelegationHook.swift' = {
            isa = PBXBuildFile;
            fileRef = '__PBXFileRef_Sources/SwiftHook/DelegationHook.swift';
        };
        '__src_cc_ref_Sources/SwiftHook/HookKey.swift' = {
            isa = PBXBuildFile;
            fileRef = '__PBXFileRef_Sources/SwiftHook/HookKey.swift';
        };
        '__src_cc_ref_Sources/SwiftHook/HookType.swift' = {
            isa = PBXBuildFile;
            fileRef = '__PBXFileRef_Sources/SwiftHook/HookType.swift';
        };
        '__src_cc_ref_Sources/SwiftHook/Reference.swift' = {
            isa = PBXBuildFile;
            fileRef = '__PBXFileRef_Sources/SwiftHook/Reference.swift';
        };
        '__src_cc_ref_Sources/SwiftHook/SerialHook.swift' = {
            isa = PBXBuildFile;
            fileRef = '__PBXFileRef_Sources/SwiftHook/SerialHook.swift';
        };
        ___LinkPhase_SwiftHook = {
            isa = PBXFrameworksBuildPhase;
            files = ();
            runOnlyForDeploymentPostprocessing = 0;
        };
        _______Confs_SwiftHook = {
            isa = XCConfigurationList;
            buildConfigurations = (___DebugConf_SwiftHook, _ReleaseConf_SwiftHook);
            defaultConfigurationIsVisible = 0;
            defaultConfigurationName = Debug;
        };
        ___DebugConf_SwiftHook = {
            isa = XCBuildConfiguration;
            buildSettings = { SWIFT_VERSION = '3.0'; LD_RUNPATH_SEARCH_PATHS = '$(TOOLCHAIN_DIR)/usr/lib/swift/macosx'; PRODUCT_MODULE_NAME = '$(TARGET_NAME:c99extidentifier)'; ENABLE_TESTABILITY = 'YES'; OTHER_SWIFT_FLAGS = '$(inherited)'; INFOPLIST_FILE = 'SwiftHook.xcodeproj/SwiftHook_Info.plist'; FRAMEWORK_SEARCH_PATHS = '$(PLATFORM_DIR)/Developer/Library/Frameworks'; SWIFT_OPTIMIZATION_LEVEL = '-Onone'; PRODUCT_BUNDLE_IDENTIFIER = 'SwiftHook'; PRODUCT_NAME = '$(TARGET_NAME:c99extidentifier)'; OTHER_LDFLAGS = '$(inherited)'; };
            name = Debug;
        };
        _ReleaseConf_SwiftHook = {
            isa = XCBuildConfiguration;
            buildSettings = { SWIFT_VERSION = '3.0'; LD_RUNPATH_SEARCH_PATHS = '$(TOOLCHAIN_DIR)/usr/lib/swift/macosx'; PRODUCT_MODULE_NAME = '$(TARGET_NAME:c99extidentifier)'; ENABLE_TESTABILITY = 'YES'; OTHER_SWIFT_FLAGS = '$(inherited)'; INFOPLIST_FILE = 'SwiftHook.xcodeproj/SwiftHook_Info.plist'; FRAMEWORK_SEARCH_PATHS = '$(PLATFORM_DIR)/Developer/Library/Frameworks'; PRODUCT_BUNDLE_IDENTIFIER = 'SwiftHook'; PRODUCT_NAME = '$(TARGET_NAME:c99extidentifier)'; OTHER_LDFLAGS = '$(inherited)'; };
            name = Release;
        };
        __Dependency_SwiftHook = {
            isa = PBXTargetDependency;
            target = ______Target_SwiftHook;
        };
        _______Group_SwiftHookTests = {
            isa = PBXGroup;
            name = 'SwiftHookTests';
            path = 'Tests/SwiftHookTests';
            sourceTree = '<group>';
            children = ('__PBXFileRef_Tests/SwiftHookTests/SwiftHookTests.swift');
        };
        '__PBXFileRef_Tests/SwiftHookTests/SwiftHookTests.swift' = {
            isa = PBXFileReference;
            lastKnownFileType = sourcecode.swift;
            path = 'SwiftHookTests.swift';
            sourceTree = '<group>';
        };
        ______Target_SwiftHookTests = {
            isa = PBXNativeTarget;
            buildConfigurationList = _______Confs_SwiftHookTests;
            buildPhases = (CompilePhase_SwiftHookTests, ___LinkPhase_SwiftHookTests);
            buildRules = ();
            dependencies = (__Dependency_SwiftHook);
            name = 'SwiftHookTests';
            productName = SwiftHookTests;
            productReference = _____Product_SwiftHookTests;
            productType = 'com.apple.product-type.bundle.unit-test';
        };
        _____Product_SwiftHookTests = {
            isa = PBXFileReference;
            explicitFileType = 'compiled.mach-o.wrapper.cfbundle';
            path = 'SwiftHookTests.xctest';
            sourceTree = BUILT_PRODUCTS_DIR;
        };
        CompilePhase_SwiftHookTests = {
            isa = PBXSourcesBuildPhase;
            files = ('__src_cc_ref_Tests/SwiftHookTests/SwiftHookTests.swift');
            runOnlyForDeploymentPostprocessing = 0;
        };
        '__src_cc_ref_Tests/SwiftHookTests/SwiftHookTests.swift' = {
            isa = PBXBuildFile;
            fileRef = '__PBXFileRef_Tests/SwiftHookTests/SwiftHookTests.swift';
        };
        ___LinkPhase_SwiftHookTests = {
            isa = PBXFrameworksBuildPhase;
            files = (_LinkFileRef_SwiftHook_via_SwiftHookTests);
            runOnlyForDeploymentPostprocessing = 0;
        };
        _LinkFileRef_SwiftHook_via_SwiftHookTests = {
            isa = PBXBuildFile;
            fileRef = _____Product_SwiftHook;
        };
        _______Confs_SwiftHookTests = {
            isa = XCConfigurationList;
            buildConfigurations = (___DebugConf_SwiftHookTests, _ReleaseConf_SwiftHookTests);
            defaultConfigurationIsVisible = 0;
            defaultConfigurationName = Debug;
        };
        ___DebugConf_SwiftHookTests = {
            isa = XCBuildConfiguration;
            buildSettings = { LD_RUNPATH_SEARCH_PATHS = '@loader_path/../Frameworks'; FRAMEWORK_SEARCH_PATHS = '$(PLATFORM_DIR)/Developer/Library/Frameworks'; OTHER_SWIFT_FLAGS = '$(inherited)'; INFOPLIST_FILE = 'SwiftHook.xcodeproj/SwiftHookTests_Info.plist'; SWIFT_OPTIMIZATION_LEVEL = '-Onone'; EMBEDDED_CONTENT_CONTAINS_SWIFT = 'YES'; OTHER_LDFLAGS = '$(inherited)'; SWIFT_VERSION = '3.0'; };
            name = Debug;
        };
        _ReleaseConf_SwiftHookTests = {
            isa = XCBuildConfiguration;
            buildSettings = { LD_RUNPATH_SEARCH_PATHS = '@loader_path/../Frameworks'; FRAMEWORK_SEARCH_PATHS = '$(PLATFORM_DIR)/Developer/Library/Frameworks'; OTHER_SWIFT_FLAGS = '$(inherited)'; INFOPLIST_FILE = 'SwiftHook.xcodeproj/SwiftHookTests_Info.plist'; EMBEDDED_CONTENT_CONTAINS_SWIFT = 'YES'; OTHER_LDFLAGS = '$(inherited)'; SWIFT_VERSION = '3.0'; };
            name = Release;
        };
        __Dependency_SwiftHookTests = {
            isa = PBXTargetDependency;
            target = ______Target_SwiftHookTests;
        };
        '__PBXFileRef_SwiftHook.xcodeproj/Configs/Project.xcconfig' = {
            isa = PBXFileReference;
            lastKnownFileType = text.xcconfig;
            path = 'SwiftHook.xcodeproj/Configs/Project.xcconfig';
            sourceTree = '<group>';
        };
        _____Configs_ = {
            isa = PBXGroup;
            children = ('__PBXFileRef_SwiftHook.xcodeproj/Configs/Project.xcconfig');
            name = Configs;
            sourceTree = '<group>';
        };
        _____Sources_ = {
            isa = PBXGroup;
            children = (_______Group_SwiftHook);
            name = Sources;
            sourceTree = '<group>';
        };
        _______Tests_ = {
            isa = PBXGroup;
            children = (_______Group_SwiftHookTests);
            name = Tests;
            sourceTree = '<group>';
        };
       TestProducts_ = {
            isa = PBXGroup;
            children = (_____Product_SwiftHookTests);
            name = Tests;
            sourceTree = '<group>';
        };
        ____Products_ = {
            isa = PBXGroup;
            children = (TestProducts_, _____Product_SwiftHook);
            name = Products;
            sourceTree = '<group>';
        };
        _______Debug_ = {
            isa = XCBuildConfiguration;
            baseConfigurationReference = '__PBXFileRef_SwiftHook.xcodeproj/Configs/Project.xcconfig';
            buildSettings = {};
            name = Debug;
        };
        _____Release_ = {
            isa = XCBuildConfiguration;
            baseConfigurationReference = '__PBXFileRef_SwiftHook.xcodeproj/Configs/Project.xcconfig';
            buildSettings = {};
            name = Release;
        };
        ___RootConfs_ = {
            isa = XCConfigurationList;
            buildConfigurations = (_______Debug_, _____Release_);
            defaultConfigurationIsVisible = 0;
            defaultConfigurationName = Debug;
        };
    };
}
